
Microsoft Visual Studio Solution File, Format Version 12.00
# Visual Studio Version 16
VisualStudioVersion = 16.0.31729.503
MinimumVisualStudioVersion = 10.0.40219.1
Project("{FAE04EC0-301F-11D3-BF4B-00C04F79EFBC}") = "MvcWeb.IdentityFrameworkAuthentication", "MvcWeb.IdentityFrameworkAuthentication\MvcWeb.IdentityFrameworkAuthentication.csproj", "{9BA3043B-40E7-4622-BB3C-9ECE9058B27C}"
EndProject
Global
	GlobalSection(SolutionConfigurationPlatforms) = preSolution
		Debug|Any CPU = Debug|Any CPU
		Release|Any CPU = Release|Any CPU
	EndGlobalSection
	GlobalSection(ProjectConfigurationPlatforms) = postSolution
		{9BA3043B-40E7-4622-BB3C-9ECE9058B27C}.Debug|Any CPU.ActiveCfg = Debug|Any CPU
		{9BA3043B-40E7-4622-BB3C-9ECE9058B27C}.Debug|Any CPU.Build.0 = Debug|Any CPU
		{9BA3043B-40E7-4622-BB3C-9ECE9058B27C}.Release|Any CPU.ActiveCfg = Release|Any CPU
		{9BA3043B-40E7-4622-BB3C-9ECE9058B27C}.Release|Any CPU.Build.0 = Release|Any CPU
	EndGlobalSection
	GlobalSection(SolutionProperties) = preSolution
		HideSolutionNode = FALSE
	EndGlobalSection
	GlobalSection(ExtensibilityGlobals) = postSolution
		SolutionGuid = {104145C0-0A8A-4B36-851C-FD6070AF8D31}
	EndGlobalSection
EndGlobal
